
Microsoft Visual Studio Solution File, Format Version 12.00
# Visual Studio Version 17
VisualStudioVersion = 17.7.34031.279
MinimumVisualStudioVersion = 10.0.40219.1
Project("{FAE04EC0-301F-11D3-BF4B-00C04F79EFBC}") = "ConsolHomework1", "ConsolHomework1.csproj", "{3A38D188-E492-46D0-B47D-94104077D03E}"
EndProject
Global
	GlobalSection(SolutionConfigurationPlatforms) = preSolution
		Debug|Any CPU = Debug|Any CPU
		Release|Any CPU = Release|Any CPU
	EndGlobalSection
	GlobalSection(ProjectConfigurationPlatforms) = postSolution
		{3A38D188-E492-46D0-B47D-94104077D03E}.Debug|Any CPU.ActiveCfg = Debug|Any CPU
		{3A38D188-E492-46D0-B47D-94104077D03E}.Debug|Any CPU.Build.0 = Debug|Any CPU
		{3A38D188-E492-46D0-B47D-94104077D03E}.Release|Any CPU.ActiveCfg = Release|Any CPU
		{3A38D188-E492-46D0-B47D-94104077D03E}.Release|Any CPU.Build.0 = Release|Any CPU
	EndGlobalSection
	GlobalSection(SolutionProperties) = preSolution
		HideSolutionNode = FALSE
	EndGlobalSection
	GlobalSection(ExtensibilityGlobals) = postSolution
		SolutionGuid = {B4002A80-405B-4751-BEB7-597EB6635CA2}
	EndGlobalSection
EndGlobal
